// !$*UTF8*$!
{
	archiveVersion = 1;
	classes = {
	};
	objectVersion = 77;
	objects = {

/* Begin PBXBuildFile section */
		2570D9512D11E27D008AC4A0 /* SDWebImageSwiftUI in Frameworks */ = {isa = PBXBuildFile; productRef = 2570D9502D11E27D008AC4A0 /* SDWebImageSwiftUI */; };
/* End PBXBuildFile section */

/* Begin PBXContainerItemProxy section */
		2573D9C82C9F0F000010F07F /* PBXContainerItemProxy */ = {
			isa = PBXContainerItemProxy;
			containerPortal = 2573D9AF2C9F0EFE0010F07F /* Project object */;
			proxyType = 1;
			remoteGlobalIDString = 2573D9B62C9F0EFE0010F07F;
			remoteInfo = IosProject;
		};
		2573D9D22C9F0F000010F07F /* PBXContainerItemProxy */ = {
			isa = PBXContainerItemProxy;
			containerPortal = 2573D9AF2C9F0EFE0010F07F /* Project object */;
			proxyType = 1;
			remoteGlobalIDString = 2573D9B62C9F0EFE0010F07F;
			remoteInfo = IosProject;
		};
/* End PBXContainerItemProxy section */

/* Begin PBXFileReference section */
		2573D9B72C9F0EFE0010F07F /* IosProject.app */ = {isa = PBXFileReference; explicitFileType = wrapper.application; includeInIndex = 0; path = IosProject.app; sourceTree = BUILT_PRODUCTS_DIR; };
		2573D9C72C9F0F000010F07F /* IosProjectTests.xctest */ = {isa = PBXFileReference; explicitFileType = wrapper.cfbundle; includeInIndex = 0; path = IosProjectTests.xctest; sourceTree = BUILT_PRODUCTS_DIR; };
		2573D9D12C9F0F000010F07F /* IosProjectUITests.xctest */ = {isa = PBXFileReference; explicitFileType = wrapper.cfbundle; includeInIndex = 0; path = IosProjectUITests.xctest; sourceTree = BUILT_PRODUCTS_DIR; };
/* End PBXFileReference section */

/* Begin PBXFileSystemSynchronizedRootGroup section */
		2573D9B92C9F0EFE0010F07F /* IosProject */ = {
			isa = PBXFileSystemSynchronizedRootGroup;
			path = IosProject;
			sourceTree = "<group>";
		};
		2573D9CA2C9F0F000010F07F /* IosProjectTests */ = {
			isa = PBXFileSystemSynchronizedRootGroup;
			path = IosProjectTests;
			sourceTree = "<group>";
		};
		2573D9D42C9F0F000010F07F /* IosProjectUITests */ = {
			isa = PBXFileSystemSynchronizedRootGroup;
			path = IosProjectUITests;
			sourceTree = "<group>";
		};
/* End PBXFileSystemSynchronizedRootGroup section */

/* Begin PBXFrameworksBuildPhase section */
		2573D9B42C9F0EFE0010F07F /* Frameworks */ = {
			isa = PBXFrameworksBuildPhase;
			buildActionMask = 2147483647;
			files = (
				2570D9512D11E27D008AC4A0 /* SDWebImageSwiftUI in Frameworks */,
			);
			runOnlyForDeploymentPostprocessing = 0;
		};
		2573D9C42C9F0F000010F07F /* Frameworks */ = {
			isa = PBXFrameworksBuildPhase;
			buildActionMask = 2147483647;
			files = (
			);
			runOnlyForDeploymentPostprocessing = 0;
		};
		2573D9CE2C9F0F000010F07F /* Frameworks */ = {
			isa = PBXFrameworksBuildPhase;
			buildActionMask = 2147483647;
			files = (
			);
			runOnlyForDeploymentPostprocessing = 0;
		};
/* End PBXFrameworksBuildPhase section */

/* Begin PBXGroup section */
		2570D94F2D11E27D008AC4A0 /* Frameworks */ = {
			isa = PBXGroup;
			children = (
			);
			name = Frameworks;
			sourceTree = "<group>";
		};
		2573D9AE2C9F0EFE0010F07F = {
			isa = PBXGroup;
			children = (
				2573D9B92C9F0EFE0010F07F /* IosProject */,
				2573D9CA2C9F0F000010F07F /* IosProjectTests */,
				2573D9D42C9F0F000010F07F /* IosProjectUITests */,
				2570D94F2D11E27D008AC4A0 /* Frameworks */,
				2573D9B82C9F0EFE0010F07F /* Products */,
			);
			sourceTree = "<group>";
		};
		2573D9B82C9F0EFE0010F07F /* Products */ = {
			isa = PBXGroup;
			children = (
				2573D9B72C9F0EFE0010F07F /* IosProject.app */,
				2573D9C72C9F0F000010F07F /* IosProjectTests.xctest */,
				2573D9D12C9F0F000010F07F /* IosProjectUITests.xctest */,
			);
			name = Products;
			sourceTree = "<group>";
		};
/* End PBXGroup section */

/* Begin PBXNativeTarget section */
		2573D9B62C9F0EFE0010F07F /* IosProject */ = {
			isa = PBXNativeTarget;
			buildConfigurationList = 2573D9DB2C9F0F000010F07F /* Build configuration list for PBXNativeTarget "IosProject" */;
			buildPhases = (
				2573D9B32C9F0EFE0010F07F /* Sources */,
				2573D9B42C9F0EFE0010F07F /* Frameworks */,
				2573D9B52C9F0EFE0010F07F /* Resources */,
			);
			buildRules = (
			);
			dependencies = (
			);
			fileSystemSynchronizedGroups = (
				2573D9B92C9F0EFE0010F07F /* IosProject */,
			);
			name = IosProject;
			packageProductDependencies = (
				2570D9502D11E27D008AC4A0 /* SDWebImageSwiftUI */,
			);
			productName = IosProject;
			productReference = 2573D9B72C9F0EFE0010F07F /* IosProject.app */;
			productType = "com.apple.product-type.application";
		};
		2573D9C62C9F0F000010F07F /* IosProjectTests */ = {
			isa = PBXNativeTarget;
			buildConfigurationList = 2573D9DE2C9F0F000010F07F /* Build configuration list for PBXNativeTarget "IosProjectTests" */;
			buildPhases = (
				2573D9C32C9F0F000010F07F /* Sources */,
				2573D9C42C9F0F000010F07F /* Frameworks */,
				2573D9C52C9F0F000010F07F /* Resources */,
			);
			buildRules = (
			);
			dependencies = (
				2573D9C92C9F0F000010F07F /* PBXTargetDependency */,
			);
			fileSystemSynchronizedGroups = (
				2573D9CA2C9F0F000010F07F /* IosProjectTests */,
			);
			name = IosProjectTests;
			packageProductDependencies = (
			);
			productName = IosProjectTests;
			productReference = 2573D9C72C9F0F000010F07F /* IosProjectTests.xctest */;
			productType = "com.apple.product-type.bundle.unit-test";
		};
		2573D9D02C9F0F000010F07F /* IosProjectUITests */ = {
			isa = PBXNativeTarget;
			buildConfigurationList = 2573D9E12C9F0F000010F07F /* Build configuration list for PBXNativeTarget "IosProjectUITests" */;
			buildPhases = (
				2573D9CD2C9F0F000010F07F /* Sources */,
				2573D9CE2C9F0F000010F07F /* Frameworks */,
				2573D9CF2C9F0F000010F07F /* Resources */,
			);
			buildRules = (
			);
			dependencies = (
				2573D9D32C9F0F000010F07F /* PBXTargetDependency */,
			);
			fileSystemSynchronizedGroups = (
				2573D9D42C9F0F000010F07F /* IosProjectUITests */,
			);
			name = IosProjectUITests;
			packageProductDependencies = (
			);
			productName = IosProjectUITests;
			productReference = 2573D9D12C9F0F000010F07F /* IosProjectUITests.xctest */;
			productType = "com.apple.product-type.bundle.ui-testing";
		};
/* End PBXNativeTarget section */

/* Begin PBXProject section */
		2573D9AF2C9F0EFE0010F07F /* Project object */ = {
			isa = PBXProject;
			attributes = {
				BuildIndependentTargetsInParallel = 1;
				LastSwiftUpdateCheck = 1600;
				LastUpgradeCheck = 1600;
				TargetAttributes = {
					2573D9B62C9F0EFE0010F07F = {
						CreatedOnToolsVersion = 16.0;
					};
					2573D9C62C9F0F000010F07F = {
						CreatedOnToolsVersion = 16.0;
						TestTargetID = 2573D9B62C9F0EFE0010F07F;
					};
					2573D9D02C9F0F000010F07F = {
						CreatedOnToolsVersion = 16.0;
						TestTargetID = 2573D9B62C9F0EFE0010F07F;
					};
				};
			};
			buildConfigurationList = 2573D9B22C9F0EFE0010F07F /* Build configuration list for PBXProject "IosProject" */;
			developmentRegion = en;
			hasScannedForEncodings = 0;
			knownRegions = (
				en,
				Base,
			);
			mainGroup = 2573D9AE2C9F0EFE0010F07F;
			minimizedProjectReferenceProxies = 1;
			packageReferences = (
				2570D94E2D11E230008AC4A0 /* XCRemoteSwiftPackageReference "SDWebImageSwiftUI" */,
			);
			preferredProjectObjectVersion = 77;
			productRefGroup = 2573D9B82C9F0EFE0010F07F /* Products */;
			projectDirPath = "";
			projectRoot = "";
			targets = (
				2573D9B62C9F0EFE0010F07F /* IosProject */,
				2573D9C62C9F0F000010F07F /* IosProjectTests */,
				2573D9D02C9F0F000010F07F /* IosProjectUITests */,
			);
		};
/* End PBXProject section */

/* Begin PBXResourcesBuildPhase section */
		2573D9B52C9F0EFE0010F07F /* Resources */ = {
			isa = PBXResourcesBuildPhase;
			buildActionMask = 2147483647;
			files = (
			);
			runOnlyForDeploymentPostprocessing = 0;
		};
		2573D9C52C9F0F000010F07F /* Resources */ = {
			isa = PBXResourcesBuildPhase;
			buildActionMask = 2147483647;
			files = (
			);
			runOnlyForDeploymentPostprocessing = 0;
		};
		2573D9CF2C9F0F000010F07F /* Resources */ = {
			isa = PBXResourcesBuildPhase;
			buildActionMask = 2147483647;
			files = (
			);
			runOnlyForDeploymentPostprocessing = 0;
		};
/* End PBXResourcesBuildPhase section */

/* Begin PBXSourcesBuildPhase section */
		2573D9B32C9F0EFE0010F07F /* Sources */ = {
			isa = PBXSourcesBuildPhase;
			buildActionMask = 2147483647;
			files = (
			);
			runOnlyForDeploymentPostprocessing = 0;
		};
		2573D9C32C9F0F000010F07F /* Sources */ = {
			isa = PBXSourcesBuildPhase;
			buildActionMask = 2147483647;
			files = (
			);
			runOnlyForDeploymentPostprocessing = 0;
		};
		2573D9CD2C9F0F000010F07F /* Sources */ = {
			isa = PBXSourcesBuildPhase;
			buildActionMask = 2147483647;
			files = (
			);
			runOnlyForDeploymentPostprocessing = 0;
		};
/* End PBXSourcesBuildPhase section */

/* Begin PBXTargetDependency section */
		2573D9C92C9F0F000010F07F /* PBXTargetDependency */ = {
			isa = PBXTargetDependency;
			target = 2573D9B62C9F0EFE0010F07F /* IosProject */;
			targetProxy = 2573D9C82C9F0F000010F07F /* PBXContainerItemProxy */;
		};
		2573D9D32C9F0F000010F07F /* PBXTargetDependency */ = {
			isa = PBXTargetDependency;
			target = 2573D9B62C9F0EFE0010F07F /* IosProject */;
			targetProxy = 2573D9D22C9F0F000010F07F /* PBXContainerItemProxy */;
		};
/* End PBXTargetDependency section */

/* Begin XCBuildConfiguration section */
		2573D9D92C9F0F000010F07F /* Debug */ = {
			isa = XCBuildConfiguration;
			buildSettings = {
				ALWAYS_SEARCH_USER_PATHS = NO;
				ASSETCATALOG_COMPILER_GENERATE_SWIFT_ASSET_SYMBOL_EXTENSIONS = YES;
				CLANG_ANALYZER_NONNULL = YES;
				CLANG_ANALYZER_NUMBER_OBJECT_CONVERSION = YES_AGGRESSIVE;
				CLANG_CXX_LANGUAGE_STANDARD = "gnu++20";
				CLANG_ENABLE_MODULES = YES;
				CLANG_ENABLE_OBJC_ARC = YES;
				CLANG_ENABLE_OBJC_WEAK = YES;
				CLANG_WARN_BLOCK_CAPTURE_AUTORELEASING = YES;
				CLANG_WARN_BOOL_CONVERSION = YES;
				CLANG_WARN_COMMA = YES;
				CLANG_WARN_CONSTANT_CONVERSION = YES;
				CLANG_WARN_DEPRECATED_OBJC_IMPLEMENTATIONS = YES;
				CLANG_WARN_DIRECT_OBJC_ISA_USAGE = YES_ERROR;
				CLANG_WARN_DOCUMENTATION_COMMENTS = YES;
				CLANG_WARN_EMPTY_BODY = YES;
				CLANG_WARN_ENUM_CONVERSION = YES;
				CLANG_WARN_INFINITE_RECURSION = YES;
				CLANG_WARN_INT_CONVERSION = YES;
				CLANG_WARN_NON_LITERAL_NULL_CONVERSION = YES;
				CLANG_WARN_OBJC_IMPLICIT_RETAIN_SELF = YES;
				CLANG_WARN_OBJC_LITERAL_CONVERSION = YES;
				CLANG_WARN_OBJC_ROOT_CLASS = YES_ERROR;
				CLANG_WARN_QUOTED_INCLUDE_IN_FRAMEWORK_HEADER = YES;
				CLANG_WARN_RANGE_LOOP_ANALYSIS = YES;
				CLANG_WARN_STRICT_PROTOTYPES = YES;
				CLANG_WARN_SUSPICIOUS_MOVE = YES;
				CLANG_WARN_UNGUARDED_AVAILABILITY = YES_AGGRESSIVE;
				CLANG_WARN_UNREACHABLE_CODE = YES;
				CLANG_WARN__DUPLICATE_METHOD_MATCH = YES;
				COPY_PHASE_STRIP = NO;
				DEBUG_INFORMATION_FORMAT = dwarf;
				ENABLE_STRICT_OBJC_MSGSEND = YES;
				ENABLE_TESTABILITY = YES;
				ENABLE_USER_SCRIPT_SANDBOXING = YES;
				GCC_C_LANGUAGE_STANDARD = gnu17;
				GCC_DYNAMIC_NO_PIC = NO;
				GCC_NO_COMMON_BLOCKS = YES;
				GCC_OPTIMIZATION_LEVEL = 0;
				GCC_PREPROCESSOR_DEFINITIONS = (
					"DEBUG=1",
					"$(inherited)",
				);
				GCC_WARN_64_TO_32_BIT_CONVERSION = YES;
				GCC_WARN_ABOUT_RETURN_TYPE = YES_ERROR;
				GCC_WARN_UNDECLARED_SELECTOR = YES;
				GCC_WARN_UNINITIALIZED_AUTOS = YES_AGGRESSIVE;
				GCC_WARN_UNUSED_FUNCTION = YES;
				GCC_WARN_UNUSED_VARIABLE = YES;
				IPHONEOS_DEPLOYMENT_TARGET = 18.0;
				LOCALIZATION_PREFERS_STRING_CATALOGS = YES;
				MTL_ENABLE_DEBUG_INFO = INCLUDE_SOURCE;
				MTL_FAST_MATH = YES;
				ONLY_ACTIVE_ARCH = YES;
				SDKROOT = iphoneos;
				SWIFT_ACTIVE_COMPILATION_CONDITIONS = "DEBUG $(inherited)";
				SWIFT_OPTIMIZATION_LEVEL = "-Onone";
			};
			name = Debug;
		};
		2573D9DA2C9F0F000010F07F /* Release */ = {
			isa = XCBuildConfiguration;
			buildSettings = {
				ALWAYS_SEARCH_USER_PATHS = NO;
				ASSETCATALOG_COMPILER_GENERATE_SWIFT_ASSET_SYMBOL_EXTENSIONS = YES;
				CLANG_ANALYZER_NONNULL = YES;
				CLANG_ANALYZER_NUMBER_OBJECT_CONVERSION = YES_AGGRESSIVE;
				CLANG_CXX_LANGUAGE_STANDARD = "gnu++20";
				CLANG_ENABLE_MODULES = YES;
				CLANG_ENABLE_OBJC_ARC = YES;
				CLANG_ENABLE_OBJC_WEAK = YES;
				CLANG_WARN_BLOCK_CAPTURE_AUTORELEASING = YES;
				CLANG_WARN_BOOL_CONVERSION = YES;
				CLANG_WARN_COMMA = YES;
				CLANG_WARN_CONSTANT_CONVERSION = YES;
				CLANG_WARN_DEPRECATED_OBJC_IMPLEMENTATIONS = YES;
				CLANG_WARN_DIRECT_OBJC_ISA_USAGE = YES_ERROR;
				CLANG_WARN_DOCUMENTATION_COMMENTS = YES;
				CLANG_WARN_EMPTY_BODY = YES;
				CLANG_WARN_ENUM_CONVERSION = YES;
				CLANG_WARN_INFINITE_RECURSION = YES;
				CLANG_WARN_INT_CONVERSION = YES;
				CLANG_WARN_NON_LITERAL_NULL_CONVERSION = YES;
				CLANG_WARN_OBJC_IMPLICIT_RETAIN_SELF = YES;
				CLANG_WARN_OBJC_LITERAL_CONVERSION = YES;
				CLANG_WARN_OBJC_ROOT_CLASS = YES_ERROR;
				CLANG_WARN_QUOTED_INCLUDE_IN_FRAMEWORK_HEADER = YES;
				CLANG_WARN_RANGE_LOOP_ANALYSIS = YES;
				CLANG_WARN_STRICT_PROTOTYPES = YES;
				CLANG_WARN_SUSPICIOUS_MOVE = YES;
				CLANG_WARN_UNGUARDED_AVAILABILITY = YES_AGGRESSIVE;
				CLANG_WARN_UNREACHABLE_CODE = YES;
				CLANG_WARN__DUPLICATE_METHOD_MATCH = YES;
				COPY_PHASE_STRIP = NO;
				DEBUG_INFORMATION_FORMAT = "dwarf-with-dsym";
				ENABLE_NS_ASSERTIONS = NO;
				ENABLE_STRICT_OBJC_MSGSEND = YES;
				ENABLE_USER_SCRIPT_SANDBOXING = YES;
				GCC_C_LANGUAGE_STANDARD = gnu17;
				GCC_NO_COMMON_BLOCKS = YES;
				GCC_WARN_64_TO_32_BIT_CONVERSION = YES;
				GCC_WARN_ABOUT_RETURN_TYPE = YES_ERROR;
				GCC_WARN_UNDECLARED_SELECTOR = YES;
				GCC_WARN_UNINITIALIZED_AUTOS = YES_AGGRESSIVE;
				GCC_WARN_UNUSED_FUNCTION = YES;
				GCC_WARN_UNUSED_VARIABLE = YES;
				IPHONEOS_DEPLOYMENT_TARGET = 18.0;
				LOCALIZATION_PREFERS_STRING_CATALOGS = YES;
				MTL_ENABLE_DEBUG_INFO = NO;
				MTL_FAST_MATH = YES;
				SDKROOT = iphoneos;
				SWIFT_COMPILATION_MODE = wholemodule;
				VALIDATE_PRODUCT = YES;
			};
			name = Release;
		};
		2573D9DC2C9F0F000010F07F /* Debug */ = {
			isa = XCBuildConfiguration;
			buildSettings = {
				ASSETCATALOG_COMPILER_APPICON_NAME = AppIcon;
				ASSETCATALOG_COMPILER_GLOBAL_ACCENT_COLOR_NAME = AccentColor;
				CODE_SIGN_STYLE = Automatic;
				CURRENT_PROJECT_VERSION = 1;
				DEVELOPMENT_ASSET_PATHS = "\"IosProject/Preview Content\"";
				ENABLE_PREVIEWS = YES;
				GENERATE_INFOPLIST_FILE = YES;
				INFOPLIST_KEY_UIApplicationSceneManifest_Generation = YES;
				INFOPLIST_KEY_UIApplicationSupportsIndirectInputEvents = YES;
				INFOPLIST_KEY_UILaunchScreen_Generation = YES;
				INFOPLIST_KEY_UISupportedInterfaceOrientations_iPad = "UIInterfaceOrientationPortrait UIInterfaceOrientationPortraitUpsideDown UIInterfaceOrientationLandscapeLeft UIInterfaceOrientationLandscapeRight";
				INFOPLIST_KEY_UISupportedInterfaceOrientations_iPhone = "UIInterfaceOrientationPortrait UIInterfaceOrientationLandscapeLeft UIInterfaceOrientationLandscapeRight";
				LD_RUNPATH_SEARCH_PATHS = (
					"$(inherited)",
					"@executable_path/Frameworks",
				);
				MARKETING_VERSION = 1.0;
				PRODUCT_BUNDLE_IDENTIFIER = Arun.IosProject;
				PRODUCT_NAME = "$(TARGET_NAME)";
				SWIFT_EMIT_LOC_STRINGS = YES;
				SWIFT_VERSION = 5.0;
				TARGETED_DEVICE_FAMILY = "1,2";
			};
			name = Debug;
		};
		2573D9DD2C9F0F000010F07F /* Release */ = {
			isa = XCBuildConfiguration;
			buildSettings = {
				ASSETCATALOG_COMPILER_APPICON_NAME = AppIcon;
				ASSETCATALOG_COMPILER_GLOBAL_ACCENT_COLOR_NAME = AccentColor;
				CODE_SIGN_STYLE = Automatic;
				CURRENT_PROJECT_VERSION = 1;
				DEVELOPMENT_ASSET_PATHS = "\"IosProject/Preview Content\"";
				ENABLE_PREVIEWS = YES;
				GENERATE_INFOPLIST_FILE = YES;
				INFOPLIST_KEY_UIApplicationSceneManifest_Generation = YES;
				INFOPLIST_KEY_UIApplicationSupportsIndirectInputEvents = YES;
				INFOPLIST_KEY_UILaunchScreen_Generation = YES;
				INFOPLIST_KEY_UISupportedInterfaceOrientations_iPad = "UIInterfaceOrientationPortrait UIInterfaceOrientationPortraitUpsideDown UIInterfaceOrientationLandscapeLeft UIInterfaceOrientationLandscapeRight";
				INFOPLIST_KEY_UISupportedInterfaceOrientations_iPhone = "UIInterfaceOrientationPortrait UIInterfaceOrientationLandscapeLeft UIInterfaceOrientationLandscapeRight";
				LD_RUNPATH_SEARCH_PATHS = (
					"$(inherited)",
					"@executable_path/Frameworks",
				);
				MARKETING_VERSION = 1.0;
				PRODUCT_BUNDLE_IDENTIFIER = Arun.IosProject;
				PRODUCT_NAME = "$(TARGET_NAME)";
				SWIFT_EMIT_LOC_STRINGS = YES;
				SWIFT_VERSION = 5.0;
				TARGETED_DEVICE_FAMILY = "1,2";
			};
			name = Release;
		};
		2573D9DF2C9F0F000010F07F /* Debug */ = {
			isa = XCBuildConfiguration;
			buildSettings = {
				BUNDLE_LOADER = "$(TEST_HOST)";
				CODE_SIGN_STYLE = Automatic;
				CURRENT_PROJECT_VERSION = 1;
				GENERATE_INFOPLIST_FILE = YES;
				IPHONEOS_DEPLOYMENT_TARGET = 18.0;
				MARKETING_VERSION = 1.0;
				PRODUCT_BUNDLE_IDENTIFIER = Arun.IosProjectTests;
				PRODUCT_NAME = "$(TARGET_NAME)";
				SWIFT_EMIT_LOC_STRINGS = NO;
				SWIFT_VERSION = 5.0;
				TARGETED_DEVICE_FAMILY = "1,2";
				TEST_HOST = "$(BUILT_PRODUCTS_DIR)/IosProject.app/$(BUNDLE_EXECUTABLE_FOLDER_PATH)/IosProject";
			};
			name = Debug;
		};
		2573D9E02C9F0F000010F07F /* Release */ = {
			isa = XCBuildConfiguration;
			buildSettings = {
				BUNDLE_LOADER = "$(TEST_HOST)";
				CODE_SIGN_STYLE = Automatic;
				CURRENT_PROJECT_VERSION = 1;
				GENERATE_INFOPLIST_FILE = YES;
				IPHONEOS_DEPLOYMENT_TARGET = 18.0;
				MARKETING_VERSION = 1.0;
				PRODUCT_BUNDLE_IDENTIFIER = Arun.IosProjectTests;
				PRODUCT_NAME = "$(TARGET_NAME)";
				SWIFT_EMIT_LOC_STRINGS = NO;
				SWIFT_VERSION = 5.0;
				TARGETED_DEVICE_FAMILY = "1,2";
				TEST_HOST = "$(BUILT_PRODUCTS_DIR)/IosProject.app/$(BUNDLE_EXECUTABLE_FOLDER_PATH)/IosProject";
			};
			name = Release;
		};
		2573D9E22C9F0F000010F07F /* Debug */ = {
			isa = XCBuildConfiguration;
			buildSettings = {
				CODE_SIGN_STYLE = Automatic;
				CURRENT_PROJECT_VERSION = 1;
				GENERATE_INFOPLIST_FILE = YES;
				MARKETING_VERSION = 1.0;
				PRODUCT_BUNDLE_IDENTIFIER = Arun.IosProjectUITests;
				PRODUCT_NAME = "$(TARGET_NAME)";
				SWIFT_EMIT_LOC_STRINGS = NO;
				SWIFT_VERSION = 5.0;
				TARGETED_DEVICE_FAMILY = "1,2";
				TEST_TARGET_NAME = IosProject;
			};
			name = Debug;
		};
		2573D9E32C9F0F000010F07F /* Release */ = {
			isa = XCBuildConfiguration;
			buildSettings = {
				CODE_SIGN_STYLE = Automatic;
				CURRENT_PROJECT_VERSION = 1;
				GENERATE_INFOPLIST_FILE = YES;
				MARKETING_VERSION = 1.0;
				PRODUCT_BUNDLE_IDENTIFIER = Arun.IosProjectUITests;
				PRODUCT_NAME = "$(TARGET_NAME)";
				SWIFT_EMIT_LOC_STRINGS = NO;
				SWIFT_VERSION = 5.0;
				TARGETED_DEVICE_FAMILY = "1,2";
				TEST_TARGET_NAME = IosProject;
			};
			name = Release;
		};
/* End XCBuildConfiguration section */

/* Begin XCConfigurationList section */
		2573D9B22C9F0EFE0010F07F /* Build configuration list for PBXProject "IosProject" */ = {
			isa = XCConfigurationList;
			buildConfigurations = (
				2573D9D92C9F0F000010F07F /* Debug */,
				2573D9DA2C9F0F000010F07F /* Release */,
			);
			defaultConfigurationIsVisible = 0;
			defaultConfigurationName = Release;
		};
		2573D9DB2C9F0F000010F07F /* Build configuration list for PBXNativeTarget "IosProject" */ = {
			isa = XCConfigurationList;
			buildConfigurations = (
				2573D9DC2C9F0F000010F07F /* Debug */,
				2573D9DD2C9F0F000010F07F /* Release */,
			);
			defaultConfigurationIsVisible = 0;
			defaultConfigurationName = Release;
		};
		2573D9DE2C9F0F000010F07F /* Build configuration list for PBXNativeTarget "IosProjectTests" */ = {
			isa = XCConfigurationList;
			buildConfigurations = (
				2573D9DF2C9F0F000010F07F /* Debug */,
				2573D9E02C9F0F000010F07F /* Release */,
			);
			defaultConfigurationIsVisible = 0;
			defaultConfigurationName = Release;
		};
		2573D9E12C9F0F000010F07F /* Build configuration list for PBXNativeTarget "IosProjectUITests" */ = {
			isa = XCConfigurationList;
			buildConfigurations = (
				2573D9E22C9F0F000010F07F /* Debug */,
				2573D9E32C9F0F000010F07F /* Release */,
			);
			defaultConfigurationIsVisible = 0;
			defaultConfigurationName = Release;
		};
/* End XCConfigurationList section */

/* Begin XCRemoteSwiftPackageReference section */
		2570D94E2D11E230008AC4A0 /* XCRemoteSwiftPackageReference "SDWebImageSwiftUI" */ = {
			isa = XCRemoteSwiftPackageReference;
			repositoryURL = "https://github.com/SDWebImage/SDWebImageSwiftUI.git";
			requirement = {
				kind = upToNextMajorVersion;
				minimumVersion = 3.1.3;
			};
		};
/* End XCRemoteSwiftPackageReference section */

/* Begin XCSwiftPackageProductDependency section */
		2570D9502D11E27D008AC4A0 /* SDWebImageSwiftUI */ = {
			isa = XCSwiftPackageProductDependency;
			package = 2570D94E2D11E230008AC4A0 /* XCRemoteSwiftPackageReference "SDWebImageSwiftUI" */;
			productName = SDWebImageSwiftUI;
		};
/* End XCSwiftPackageProductDependency section */
	};
	rootObject = 2573D9AF2C9F0EFE0010F07F /* Project object */;
}
